
Microsoft Visual Studio Solution File, Format Version 12.00
Project("{FAE04EC0-301F-11D3-BF4B-00C04F79EFBC}") = "HandyverwaltungWebApp3BHWII", "HandyverwaltungWebApp3BHWII.csproj", "{D0D0BC9F-1F19-44D7-BC76-B5007798EF9C}"
EndProject
Global
	GlobalSection(SolutionConfigurationPlatforms) = preSolution
		Debug|Any CPU = Debug|Any CPU
		Release|Any CPU = Release|Any CPU
	EndGlobalSection
	GlobalSection(ProjectConfigurationPlatforms) = postSolution
		{D0D0BC9F-1F19-44D7-BC76-B5007798EF9C}.Debug|Any CPU.ActiveCfg = Debug|Any CPU
		{D0D0BC9F-1F19-44D7-BC76-B5007798EF9C}.Debug|Any CPU.Build.0 = Debug|Any CPU
		{D0D0BC9F-1F19-44D7-BC76-B5007798EF9C}.Release|Any CPU.ActiveCfg = Release|Any CPU
		{D0D0BC9F-1F19-44D7-BC76-B5007798EF9C}.Release|Any CPU.Build.0 = Release|Any CPU
	EndGlobalSection
EndGlobal
